
Microsoft Visual Studio Solution File, Format Version 12.00
# Visual Studio 15
VisualStudioVersion = 15.0.27130.2036
MinimumVisualStudioVersion = 10.0.40219.1
Project("{FAE04EC0-301F-11D3-BF4B-00C04F79EFBC}") = "Bohi.ERP.Start", "Bohi.ERP.Start\Bohi.ERP.Start.csproj", "{06EEBA7B-08B6-49BA-9927-265F98E0176F}"
EndProject
Project("{FAE04EC0-301F-11D3-BF4B-00C04F79EFBC}") = "Bohi.ERP.ERPForm", "Bohi.ERP.ERPForm\Bohi.ERP.ERPForm.csproj", "{C870E5B0-F6E9-403B-BC1B-AC4425591349}"
EndProject
Project("{FAE04EC0-301F-11D3-BF4B-00C04F79EFBC}") = "Bohi.ERP.DAL", "Bohi.ERP.DAL\Bohi.ERP.DAL.csproj", "{C18A496E-FD61-49EC-A54B-F4C65C5595EB}"
EndProject
Project("{FAE04EC0-301F-11D3-BF4B-00C04F79EFBC}") = "Bohi.ERP.MODEL", "Bohi.ERP.MODEL\Bohi.ERP.MODEL.csproj", "{FDB6786A-A5D4-46BA-80A7-889546450953}"
EndProject
Project("{FAE04EC0-301F-11D3-BF4B-00C04F79EFBC}") = "Bohi.ERP.BLL", "Bohi.ERP.BLL\Bohi.ERP.BLL.csproj", "{847541EA-F669-41EB-8A19-A858915436A4}"
EndProject
Project("{2150E333-8FDC-42A3-9474-1A3956D46DE8}") = "UpData", "UpData", "{58A42C87-00B3-4E15-BF34-571C05E1A7DB}"
EndProject
Project("{FAE04EC0-301F-11D3-BF4B-00C04F79EFBC}") = "UpConfig", "UpConfig\UpConfig.csproj", "{6384ADE2-1DFF-4B66-A7C4-00C6576B541C}"
EndProject
Project("{FAE04EC0-301F-11D3-BF4B-00C04F79EFBC}") = "UpModel", "UpModel\UpModel.csproj", "{7D8EB930-A92B-44A3-AEB4-9EDF5BCA209B}"
EndProject
Global
	GlobalSection(SolutionConfigurationPlatforms) = preSolution
		Debug|Any CPU = Debug|Any CPU
		Release|Any CPU = Release|Any CPU
	EndGlobalSection
	GlobalSection(ProjectConfigurationPlatforms) = postSolution
		{06EEBA7B-08B6-49BA-9927-265F98E0176F}.Debug|Any CPU.ActiveCfg = Debug|Any CPU
		{06EEBA7B-08B6-49BA-9927-265F98E0176F}.Debug|Any CPU.Build.0 = Debug|Any CPU
		{06EEBA7B-08B6-49BA-9927-265F98E0176F}.Release|Any CPU.ActiveCfg = Release|Any CPU
		{06EEBA7B-08B6-49BA-9927-265F98E0176F}.Release|Any CPU.Build.0 = Release|Any CPU
		{C870E5B0-F6E9-403B-BC1B-AC4425591349}.Debug|Any CPU.ActiveCfg = Debug|Any CPU
		{C870E5B0-F6E9-403B-BC1B-AC4425591349}.Debug|Any CPU.Build.0 = Debug|Any CPU
		{C870E5B0-F6E9-403B-BC1B-AC4425591349}.Release|Any CPU.ActiveCfg = Release|Any CPU
		{C870E5B0-F6E9-403B-BC1B-AC4425591349}.Release|Any CPU.Build.0 = Release|Any CPU
		{C18A496E-FD61-49EC-A54B-F4C65C5595EB}.Debug|Any CPU.ActiveCfg = Debug|Any CPU
		{C18A496E-FD61-49EC-A54B-F4C65C5595EB}.Debug|Any CPU.Build.0 = Debug|Any CPU
		{C18A496E-FD61-49EC-A54B-F4C65C5595EB}.Release|Any CPU.ActiveCfg = Release|Any CPU
		{C18A496E-FD61-49EC-A54B-F4C65C5595EB}.Release|Any CPU.Build.0 = Release|Any CPU
		{FDB6786A-A5D4-46BA-80A7-889546450953}.Debug|Any CPU.ActiveCfg = Debug|Any CPU
		{FDB6786A-A5D4-46BA-80A7-889546450953}.Debug|Any CPU.Build.0 = Debug|Any CPU
		{FDB6786A-A5D4-46BA-80A7-889546450953}.Release|Any CPU.ActiveCfg = Release|Any CPU
		{FDB6786A-A5D4-46BA-80A7-889546450953}.Release|Any CPU.Build.0 = Release|Any CPU
		{847541EA-F669-41EB-8A19-A858915436A4}.Debug|Any CPU.ActiveCfg = Debug|Any CPU
		{847541EA-F669-41EB-8A19-A858915436A4}.Debug|Any CPU.Build.0 = Debug|Any CPU
		{847541EA-F669-41EB-8A19-A858915436A4}.Release|Any CPU.ActiveCfg = Release|Any CPU
		{847541EA-F669-41EB-8A19-A858915436A4}.Release|Any CPU.Build.0 = Release|Any CPU
		{6384ADE2-1DFF-4B66-A7C4-00C6576B541C}.Debug|Any CPU.ActiveCfg = Debug|Any CPU
		{6384ADE2-1DFF-4B66-A7C4-00C6576B541C}.Debug|Any CPU.Build.0 = Debug|Any CPU
		{6384ADE2-1DFF-4B66-A7C4-00C6576B541C}.Release|Any CPU.ActiveCfg = Release|Any CPU
		{6384ADE2-1DFF-4B66-A7C4-00C6576B541C}.Release|Any CPU.Build.0 = Release|Any CPU
		{7D8EB930-A92B-44A3-AEB4-9EDF5BCA209B}.Debug|Any CPU.ActiveCfg = Debug|Any CPU
		{7D8EB930-A92B-44A3-AEB4-9EDF5BCA209B}.Debug|Any CPU.Build.0 = Debug|Any CPU
		{7D8EB930-A92B-44A3-AEB4-9EDF5BCA209B}.Release|Any CPU.ActiveCfg = Release|Any CPU
		{7D8EB930-A92B-44A3-AEB4-9EDF5BCA209B}.Release|Any CPU.Build.0 = Release|Any CPU
	EndGlobalSection
	GlobalSection(SolutionProperties) = preSolution
		HideSolutionNode = FALSE
	EndGlobalSection
	GlobalSection(NestedProjects) = preSolution
		{6384ADE2-1DFF-4B66-A7C4-00C6576B541C} = {58A42C87-00B3-4E15-BF34-571C05E1A7DB}
		{7D8EB930-A92B-44A3-AEB4-9EDF5BCA209B} = {58A42C87-00B3-4E15-BF34-571C05E1A7DB}
	EndGlobalSection
	GlobalSection(ExtensibilityGlobals) = postSolution
		SolutionGuid = {2D82170F-D623-423B-87C9-D068070BD371}
	EndGlobalSection
EndGlobal
